
Microsoft Visual Studio Solution File, Format Version 12.00
# Visual Studio 14
VisualStudioVersion = 14.0.25420.1
MinimumVisualStudioVersion = 10.0.40219.1
Project("{2150E333-8FDC-42A3-9474-1A3956D46DE8}") = "src", "src", "{DCD69903-3074-448B-8A06-A25EE1CA83F9}"
EndProject
Project("{2150E333-8FDC-42A3-9474-1A3956D46DE8}") = "Solution Items", "Solution Items", "{45EE1B86-4E02-4346-8C9A-A4729F7E1053}"
	ProjectSection(SolutionItems) = preProject
		global.json = global.json
	EndProjectSection
EndProject
Project("{8BB2217D-0F2D-49D1-97BC-3654ED321F3B}") = "TodoApi", "src\TodoApi\TodoApi.xproj", "{BDBB5354-32EE-4261-B106-4789E11215D3}"
EndProject
Global
	GlobalSection(SolutionConfigurationPlatforms) = preSolution
		Debug|Any CPU = Debug|Any CPU
		Release|Any CPU = Release|Any CPU
	EndGlobalSection
	GlobalSection(ProjectConfigurationPlatforms) = postSolution
		{BDBB5354-32EE-4261-B106-4789E11215D3}.Debug|Any CPU.ActiveCfg = Debug|Any CPU
		{BDBB5354-32EE-4261-B106-4789E11215D3}.Debug|Any CPU.Build.0 = Debug|Any CPU
		{BDBB5354-32EE-4261-B106-4789E11215D3}.Release|Any CPU.ActiveCfg = Release|Any CPU
		{BDBB5354-32EE-4261-B106-4789E11215D3}.Release|Any CPU.Build.0 = Release|Any CPU
	EndGlobalSection
	GlobalSection(SolutionProperties) = preSolution
		HideSolutionNode = FALSE
	EndGlobalSection
	GlobalSection(NestedProjects) = preSolution
		{BDBB5354-32EE-4261-B106-4789E11215D3} = {DCD69903-3074-448B-8A06-A25EE1CA83F9}
	EndGlobalSection
EndGlobal
